
Microsoft Visual Studio Solution File, Format Version 12.00
# Visual Studio 15
VisualStudioVersion = 15.0.28307.106
MinimumVisualStudioVersion = 10.0.40219.1
Project("{9A19103F-16F7-4668-BE54-9A1E7A4F7556}") = "Slack.Integrtaion", "Slack.Integration\Slack.Integrtaion.csproj", "{E26C7F95-DCF1-492A-9B45-9E804A8D2022}"
EndProject
Global
	GlobalSection(SolutionConfigurationPlatforms) = preSolution
		Debug|Any CPU = Debug|Any CPU
		Release|Any CPU = Release|Any CPU
	EndGlobalSection
	GlobalSection(ProjectConfigurationPlatforms) = postSolution
		{E26C7F95-DCF1-492A-9B45-9E804A8D2022}.Debug|Any CPU.ActiveCfg = Debug|Any CPU
		{E26C7F95-DCF1-492A-9B45-9E804A8D2022}.Debug|Any CPU.Build.0 = Debug|Any CPU
		{E26C7F95-DCF1-492A-9B45-9E804A8D2022}.Release|Any CPU.ActiveCfg = Release|Any CPU
		{E26C7F95-DCF1-492A-9B45-9E804A8D2022}.Release|Any CPU.Build.0 = Release|Any CPU
	EndGlobalSection
	GlobalSection(SolutionProperties) = preSolution
		HideSolutionNode = FALSE
	EndGlobalSection
	GlobalSection(ExtensibilityGlobals) = postSolution
		SolutionGuid = {57A1E253-5049-4B03-8827-111A3F6E5F7B}
	EndGlobalSection
EndGlobal
